
Microsoft Visual Studio Solution File, Format Version 12.00
# Visual Studio Version 17
VisualStudioVersion = 17.0.32014.148
MinimumVisualStudioVersion = 10.0.40219.1
Project("{9A19103F-16F7-4668-BE54-9A1E7A4F7556}") = "p4gpc.dungeonframework", "p4gpc.dungeonframework.csproj", "{8B35B02E-17FF-4A91-8FDB-BCFCF01B875B}"
EndProject
Global
	GlobalSection(SolutionConfigurationPlatforms) = preSolution
		Debug|Any CPU = Debug|Any CPU
		Release|Any CPU = Release|Any CPU
	EndGlobalSection
	GlobalSection(ProjectConfigurationPlatforms) = postSolution
		{8B35B02E-17FF-4A91-8FDB-BCFCF01B875B}.Debug|Any CPU.ActiveCfg = Debug|Any CPU
		{8B35B02E-17FF-4A91-8FDB-BCFCF01B875B}.Debug|Any CPU.Build.0 = Debug|Any CPU
		{8B35B02E-17FF-4A91-8FDB-BCFCF01B875B}.Release|Any CPU.ActiveCfg = Release|Any CPU
		{8B35B02E-17FF-4A91-8FDB-BCFCF01B875B}.Release|Any CPU.Build.0 = Release|Any CPU
	EndGlobalSection
	GlobalSection(SolutionProperties) = preSolution
		HideSolutionNode = FALSE
	EndGlobalSection
	GlobalSection(ExtensibilityGlobals) = postSolution
		SolutionGuid = {B1384FAE-359D-415D-84C1-A3F80E491721}
	EndGlobalSection
EndGlobal
